dependencies:
  idf:
    source:
      type: idf
    version: 6.1.0
  jgromes/radiolib:
    component_hash: 67051f3def406f40329e1fd94ee94f1eb1f2dc2962235c8f2e900cabc366dbfa
    dependencies:
    - name: idf
      require: private
      version: '>=4.1'
    source:
      registry_url: https://components.espressif.com/
      type: service
    version: 7.8.1
direct_dependencies:
- jgromes/radiolib
manifest_hash: 1f9b219b573f6857287544cef0495abf33c44524531d16f7c46b2276c7db697f
target: esp32
version: 3.0.0
